
Microsoft Visual Studio Solution File, Format Version 12.00
# Visual Studio 15
VisualStudioVersion = 15.0.27703.2035
MinimumVisualStudioVersion = 10.0.40219.1
Project("{9A19103F-16F7-4668-BE54-9A1E7A4F7556}") = "MusicStore.Server", "MusicStore.Server\MusicStore.Server.csproj", "{1D358950-8E52-4853-9989-97E17C2E3104}"
EndProject
Project("{9A19103F-16F7-4668-BE54-9A1E7A4F7556}") = "MusicStore.GraphQL", "MusicStore.GraphQL\MusicStore.GraphQL.csproj", "{6B48A951-10D0-4896-80AB-E1CA6CB324B6}"
EndProject
Global
	GlobalSection(SolutionConfigurationPlatforms) = preSolution
		Debug|Any CPU = Debug|Any CPU
		Release|Any CPU = Release|Any CPU
	EndGlobalSection
	GlobalSection(ProjectConfigurationPlatforms) = postSolution
		{1D358950-8E52-4853-9989-97E17C2E3104}.Debug|Any CPU.ActiveCfg = Debug|Any CPU
		{1D358950-8E52-4853-9989-97E17C2E3104}.Debug|Any CPU.Build.0 = Debug|Any CPU
		{1D358950-8E52-4853-9989-97E17C2E3104}.Release|Any CPU.ActiveCfg = Release|Any CPU
		{1D358950-8E52-4853-9989-97E17C2E3104}.Release|Any CPU.Build.0 = Release|Any CPU
		{6B48A951-10D0-4896-80AB-E1CA6CB324B6}.Debug|Any CPU.ActiveCfg = Debug|Any CPU
		{6B48A951-10D0-4896-80AB-E1CA6CB324B6}.Debug|Any CPU.Build.0 = Debug|Any CPU
		{6B48A951-10D0-4896-80AB-E1CA6CB324B6}.Release|Any CPU.ActiveCfg = Release|Any CPU
		{6B48A951-10D0-4896-80AB-E1CA6CB324B6}.Release|Any CPU.Build.0 = Release|Any CPU
	EndGlobalSection
	GlobalSection(SolutionProperties) = preSolution
		HideSolutionNode = FALSE
	EndGlobalSection
	GlobalSection(ExtensibilityGlobals) = postSolution
		SolutionGuid = {BBE0C511-931A-4F88-A352-0A12C57ECE52}
	EndGlobalSection
EndGlobal
